// !$*UTF8*$!
{
	archiveVersion = 1;
	classes = {
	};
	objectVersion = 50;
	objects = {

/* Begin PBXBuildFile section */
		A12A7F01256D50D600857FF7 /* main.m in Sources */ = {isa = PBXBuildFile; fileRef = A12A7F00256D50D600857FF7 /* main.m */; };
		A1A1FB4428F068530036F1F3 /* ObjectiveC_Extension.framework in Frameworks */ = {isa = PBXBuildFile; fileRef = A12A7F0D256D514600857FF7 /* ObjectiveC_Extension.framework */; };
		A1A1FB4528F068530036F1F3 /* ObjectiveC_Extension.framework in Embed Frameworks */ = {isa = PBXBuildFile; fileRef = A12A7F0D256D514600857FF7 /* ObjectiveC_Extension.framework */; settings = {ATTRIBUTES = (RemoveHeadersOnCopy, ); }; };
		A1DB8DC92570A16600631D3F /* WineskinLauncherAppDelegate.m in Sources */ = {isa = PBXBuildFile; fileRef = A1DB8DC82570A16600631D3F /* WineskinLauncherAppDelegate.m */; };
		A1DB8DD02570A18300631D3F /* NSPortManager.m in Sources */ = {isa = PBXBuildFile; fileRef = A1DB8DCA2570A18200631D3F /* NSPortManager.m */; };
		A1DB8DD12570A18300631D3F /* NSWineskinEngine.m in Sources */ = {isa = PBXBuildFile; fileRef = A1DB8DCD2570A18300631D3F /* NSWineskinEngine.m */; };
		A1DB8DD22570A18300631D3F /* WineStart.m in Sources */ = {isa = PBXBuildFile; fileRef = A1DB8DCF2570A18300631D3F /* WineStart.m */; };
		A1DB8DD92570A19300631D3F /* NSExeSelection.m in Sources */ = {isa = PBXBuildFile; fileRef = A1DB8DD42570A19300631D3F /* NSExeSelection.m */; };
		A1DB8DDA2570A19300631D3F /* NSPortDataLoader.m in Sources */ = {isa = PBXBuildFile; fileRef = A1DB8DD62570A19300631D3F /* NSPortDataLoader.m */; };
		A1DB8DDB2570A19300631D3F /* NSPathUtilities.m in Sources */ = {isa = PBXBuildFile; fileRef = A1DB8DD82570A19300631D3F /* NSPathUtilities.m */; };
		A1DB8DDE2570A1A500631D3F /* NSFileManager+Extension.m in Sources */ = {isa = PBXBuildFile; fileRef = A1DB8DDC2570A1A500631D3F /* NSFileManager+Extension.m */; };
		A1DB8DE12570A25800631D3F /* Cocoa.framework in Frameworks */ = {isa = PBXBuildFile; fileRef = A1DB8DE02570A25700631D3F /* Cocoa.framework */; };
/* End PBXBuildFile section */

/* Begin PBXContainerItemProxy section */
		A12A7F0C256D514600857FF7 /* PBXContainerItemProxy */ = {
			isa = PBXContainerItemProxy;
			containerPortal = A12A7F07256D514600857FF7 /* ObjectiveC_Extension.xcodeproj */;
			proxyType = 2;
			remoteGlobalIDString = 4E6C51071F7E8EB700A187E9;
			remoteInfo = ObjectiveC_Extension;
		};
		A12A7F0E256D514600857FF7 /* PBXContainerItemProxy */ = {
			isa = PBXContainerItemProxy;
			containerPortal = A12A7F07256D514600857FF7 /* ObjectiveC_Extension.xcodeproj */;
			proxyType = 2;
			remoteGlobalIDString = 4E6C51101F7E8EB700A187E9;
			remoteInfo = ObjectiveC_ExtensionTests;
		};
/* End PBXContainerItemProxy section */

/* Begin PBXCopyFilesBuildPhase section */
		A12A7EFB256D50D600857FF7 /* CopyFiles */ = {
			isa = PBXCopyFilesBuildPhase;
			buildActionMask = 2147483647;
			dstPath = /usr/share/man/man1/;
			dstSubfolderSpec = 0;
			files = (
			);
			runOnlyForDeploymentPostprocessing = 1;
		};
		A1A1FB4628F068530036F1F3 /* Embed Frameworks */ = {
			isa = PBXCopyFilesBuildPhase;
			buildActionMask = 2147483647;
			dstPath = "";
			dstSubfolderSpec = 10;
			files = (
				A1A1FB4528F068530036F1F3 /* ObjectiveC_Extension.framework in Embed Frameworks */,
			);
			name = "Embed Frameworks";
			runOnlyForDeploymentPostprocessing = 0;
		};
/* End PBXCopyFilesBuildPhase section */

/* Begin PBXFileReference section */
		A12A7EFD256D50D600857FF7 /* wineskinlauncher */ = {isa = PBXFileReference; explicitFileType = "compiled.mach-o.executable"; includeInIndex = 0; path = wineskinlauncher; sourceTree = BUILT_PRODUCTS_DIR; };
		A12A7F00256D50D600857FF7 /* main.m */ = {isa = PBXFileReference; lastKnownFileType = sourcecode.c.objc; path = main.m; sourceTree = "<group>"; };
		A12A7F07256D514600857FF7 /* ObjectiveC_Extension.xcodeproj */ = {isa = PBXFileReference; lastKnownFileType = "wrapper.pb-project"; name = ObjectiveC_Extension.xcodeproj; path = ../../ObjectiveC_Extension/ObjectiveC_Extension.xcodeproj; sourceTree = "<group>"; };
		A1DB8DC72570A16600631D3F /* WineskinLauncherAppDelegate.h */ = {isa = PBXFileReference; fileEncoding = 4; lastKnownFileType = sourcecode.c.h; path = WineskinLauncherAppDelegate.h; sourceTree = "<group>"; };
		A1DB8DC82570A16600631D3F /* WineskinLauncherAppDelegate.m */ = {isa = PBXFileReference; fileEncoding = 4; lastKnownFileType = sourcecode.c.objc; path = WineskinLauncherAppDelegate.m; sourceTree = "<group>"; };
		A1DB8DCA2570A18200631D3F /* NSPortManager.m */ = {isa = PBXFileReference; fileEncoding = 4; lastKnownFileType = sourcecode.c.objc; path = NSPortManager.m; sourceTree = "<group>"; };
		A1DB8DCB2570A18300631D3F /* NSWineskinEngine.h */ = {isa = PBXFileReference; fileEncoding = 4; lastKnownFileType = sourcecode.c.h; path = NSWineskinEngine.h; sourceTree = "<group>"; };
		A1DB8DCC2570A18300631D3F /* NSPortManager.h */ = {isa = PBXFileReference; fileEncoding = 4; lastKnownFileType = sourcecode.c.h; path = NSPortManager.h; sourceTree = "<group>"; };
		A1DB8DCD2570A18300631D3F /* NSWineskinEngine.m */ = {isa = PBXFileReference; fileEncoding = 4; lastKnownFileType = sourcecode.c.objc; path = NSWineskinEngine.m; sourceTree = "<group>"; };
		A1DB8DCE2570A18300631D3F /* WineStart.h */ = {isa = PBXFileReference; fileEncoding = 4; lastKnownFileType = sourcecode.c.h; path = WineStart.h; sourceTree = "<group>"; };
		A1DB8DCF2570A18300631D3F /* WineStart.m */ = {isa = PBXFileReference; fileEncoding = 4; lastKnownFileType = sourcecode.c.objc; path = WineStart.m; sourceTree = "<group>"; };
		A1DB8DD32570A19300631D3F /* NSPortDataLoader.h */ = {isa = PBXFileReference; fileEncoding = 4; lastKnownFileType = sourcecode.c.h; path = NSPortDataLoader.h; sourceTree = "<group>"; };
		A1DB8DD42570A19300631D3F /* NSExeSelection.m */ = {isa = PBXFileReference; fileEncoding = 4; lastKnownFileType = sourcecode.c.objc; path = NSExeSelection.m; sourceTree = "<group>"; };
		A1DB8DD52570A19300631D3F /* NSPathUtilities.h */ = {isa = PBXFileReference; fileEncoding = 4; lastKnownFileType = sourcecode.c.h; path = NSPathUtilities.h; sourceTree = "<group>"; };
		A1DB8DD62570A19300631D3F /* NSPortDataLoader.m */ = {isa = PBXFileReference; fileEncoding = 4; lastKnownFileType = sourcecode.c.objc; path = NSPortDataLoader.m; sourceTree = "<group>"; };
		A1DB8DD72570A19300631D3F /* NSExeSelection.h */ = {isa = PBXFileReference; fileEncoding = 4; lastKnownFileType = sourcecode.c.h; path = NSExeSelection.h; sourceTree = "<group>"; };
		A1DB8DD82570A19300631D3F /* NSPathUtilities.m */ = {isa = PBXFileReference; fileEncoding = 4; lastKnownFileType = sourcecode.c.objc; path = NSPathUtilities.m; sourceTree = "<group>"; };
		A1DB8DDC2570A1A500631D3F /* NSFileManager+Extension.m */ = {isa = PBXFileReference; fileEncoding = 4; lastKnownFileType = sourcecode.c.objc; path = "NSFileManager+Extension.m"; sourceTree = "<group>"; };
		A1DB8DDD2570A1A500631D3F /* NSFileManager+Extension.h */ = {isa = PBXFileReference; fileEncoding = 4; lastKnownFileType = sourcecode.c.h; path = "NSFileManager+Extension.h"; sourceTree = "<group>"; };
		A1DB8DDF2570A1B600631D3F /* WineskinLauncher_Prefix.pch */ = {isa = PBXFileReference; lastKnownFileType = sourcecode.c.h; path = WineskinLauncher_Prefix.pch; sourceTree = "<group>"; };
		A1DB8DE02570A25700631D3F /* Cocoa.framework */ = {isa = PBXFileReference; lastKnownFileType = wrapper.framework; name = Cocoa.framework; path = System/Library/Frameworks/Cocoa.framework; sourceTree = SDKROOT; };
/* End PBXFileReference section */

/* Begin PBXFrameworksBuildPhase section */
		A12A7EFA256D50D600857FF7 /* Frameworks */ = {
			isa = PBXFrameworksBuildPhase;
			buildActionMask = 2147483647;
			files = (
				A1A1FB4428F068530036F1F3 /* ObjectiveC_Extension.framework in Frameworks */,
				A1DB8DE12570A25800631D3F /* Cocoa.framework in Frameworks */,
			);
			runOnlyForDeploymentPostprocessing = 0;
		};
/* End PBXFrameworksBuildPhase section */

/* Begin PBXGroup section */
		A12A7EF4256D50D600857FF7 = {
			isa = PBXGroup;
			children = (
				A12A7F07256D514600857FF7 /* ObjectiveC_Extension.xcodeproj */,
				A1DB8DBF25709E4A00631D3F /* Classes */,
				A1DB8DC625709EB600631D3F /* Other Sources */,
				A12A7F10256D514F00857FF7 /* Frameworks */,
				A12A7EFE256D50D600857FF7 /* Products */,
			);
			sourceTree = "<group>";
		};
		A12A7EFE256D50D600857FF7 /* Products */ = {
			isa = PBXGroup;
			children = (
				A12A7EFD256D50D600857FF7 /* wineskinlauncher */,
			);
			name = Products;
			sourceTree = "<group>";
		};
		A12A7F08256D514600857FF7 /* Products */ = {
			isa = PBXGroup;
			children = (
				A12A7F0D256D514600857FF7 /* ObjectiveC_Extension.framework */,
				A12A7F0F256D514600857FF7 /* ObjectiveC_ExtensionTests.xctest */,
			);
			name = Products;
			sourceTree = "<group>";
		};
		A12A7F10256D514F00857FF7 /* Frameworks */ = {
			isa = PBXGroup;
			children = (
				A1DB8DE02570A25700631D3F /* Cocoa.framework */,
			);
			name = Frameworks;
			sourceTree = "<group>";
		};
		A1DB8DBF25709E4A00631D3F /* Classes */ = {
			isa = PBXGroup;
			children = (
				A1DB8DC225709E5C00631D3F /* Controller */,
				A1DB8DC325709E6700631D3F /* Model */,
				A1DB8DC425709E7800631D3F /* Functions */,
			);
			path = Classes;
			sourceTree = "<group>";
		};
		A1DB8DC225709E5C00631D3F /* Controller */ = {
			isa = PBXGroup;
			children = (
				A1DB8DC72570A16600631D3F /* WineskinLauncherAppDelegate.h */,
				A1DB8DC82570A16600631D3F /* WineskinLauncherAppDelegate.m */,
			);
			path = Controller;
			sourceTree = "<group>";
		};
		A1DB8DC325709E6700631D3F /* Model */ = {
			isa = PBXGroup;
			children = (
				A1DB8DCB2570A18300631D3F /* NSWineskinEngine.h */,
				A1DB8DCD2570A18300631D3F /* NSWineskinEngine.m */,
				A1DB8DCC2570A18300631D3F /* NSPortManager.h */,
				A1DB8DCA2570A18200631D3F /* NSPortManager.m */,
				A1DB8DCE2570A18300631D3F /* WineStart.h */,
				A1DB8DCF2570A18300631D3F /* WineStart.m */,
			);
			path = Model;
			sourceTree = "<group>";
		};
		A1DB8DC425709E7800631D3F /* Functions */ = {
			isa = PBXGroup;
			children = (
				A1DB8DC525709E9500631D3F /* Extensions */,
				A1DB8DD72570A19300631D3F /* NSExeSelection.h */,
				A1DB8DD42570A19300631D3F /* NSExeSelection.m */,
				A1DB8DD52570A19300631D3F /* NSPathUtilities.h */,
				A1DB8DD82570A19300631D3F /* NSPathUtilities.m */,
				A1DB8DD32570A19300631D3F /* NSPortDataLoader.h */,
				A1DB8DD62570A19300631D3F /* NSPortDataLoader.m */,
			);
			path = Functions;
			sourceTree = "<group>";
		};
		A1DB8DC525709E9500631D3F /* Extensions */ = {
			isa = PBXGroup;
			children = (
				A1DB8DDD2570A1A500631D3F /* NSFileManager+Extension.h */,
				A1DB8DDC2570A1A500631D3F /* NSFileManager+Extension.m */,
			);
			path = Extensions;
			sourceTree = "<group>";
		};
		A1DB8DC625709EB600631D3F /* Other Sources */ = {
			isa = PBXGroup;
			children = (
				A1DB8DDF2570A1B600631D3F /* WineskinLauncher_Prefix.pch */,
				A12A7F00256D50D600857FF7 /* main.m */,
			);
			path = "Other Sources";
			sourceTree = "<group>";
		};
/* End PBXGroup section */

/* Begin PBXNativeTarget section */
		A12A7EFC256D50D600857FF7 /* wineskinlauncher */ = {
			isa = PBXNativeTarget;
			buildConfigurationList = A12A7F04256D50D600857FF7 /* Build configuration list for PBXNativeTarget "wineskinlauncher" */;
			buildPhases = (
				A12A7EF9256D50D600857FF7 /* Sources */,
				A12A7EFA256D50D600857FF7 /* Frameworks */,
				A12A7EFB256D50D600857FF7 /* CopyFiles */,
				A1A1FB4628F068530036F1F3 /* Embed Frameworks */,
			);
			buildRules = (
			);
			dependencies = (
			);
			name = wineskinlauncher;
			productName = wineskinlauncher;
			productReference = A12A7EFD256D50D600857FF7 /* wineskinlauncher */;
			productType = "com.apple.product-type.tool";
		};
/* End PBXNativeTarget section */

/* Begin PBXProject section */
		A12A7EF5256D50D600857FF7 /* Project object */ = {
			isa = PBXProject;
			attributes = {
				LastUpgradeCheck = 1130;
				ORGANIZATIONNAME = "Dean Greer";
				TargetAttributes = {
					A12A7EFC256D50D600857FF7 = {
						CreatedOnToolsVersion = 11.3.1;
					};
				};
			};
			buildConfigurationList = A12A7EF8256D50D600857FF7 /* Build configuration list for PBXProject "WineskinLauncher" */;
			compatibilityVersion = "Xcode 9.3";
			developmentRegion = en;
			hasScannedForEncodings = 0;
			knownRegions = (
				en,
				Base,
			);
			mainGroup = A12A7EF4256D50D600857FF7;
			productRefGroup = A12A7EFE256D50D600857FF7 /* Products */;
			projectDirPath = "";
			projectReferences = (
				{
					ProductGroup = A12A7F08256D514600857FF7 /* Products */;
					ProjectRef = A12A7F07256D514600857FF7 /* ObjectiveC_Extension.xcodeproj */;
				},
			);
			projectRoot = "";
			targets = (
				A12A7EFC256D50D600857FF7 /* wineskinlauncher */,
			);
		};
/* End PBXProject section */

/* Begin PBXReferenceProxy section */
		A12A7F0D256D514600857FF7 /* ObjectiveC_Extension.framework */ = {
			isa = PBXReferenceProxy;
			fileType = wrapper.framework;
			path = ObjectiveC_Extension.framework;
			remoteRef = A12A7F0C256D514600857FF7 /* PBXContainerItemProxy */;
			sourceTree = BUILT_PRODUCTS_DIR;
		};
		A12A7F0F256D514600857FF7 /* ObjectiveC_ExtensionTests.xctest */ = {
			isa = PBXReferenceProxy;
			fileType = wrapper.cfbundle;
			path = ObjectiveC_ExtensionTests.xctest;
			remoteRef = A12A7F0E256D514600857FF7 /* PBXContainerItemProxy */;
			sourceTree = BUILT_PRODUCTS_DIR;
		};
/* End PBXReferenceProxy section */

/* Begin PBXSourcesBuildPhase section */
		A12A7EF9256D50D600857FF7 /* Sources */ = {
			isa = PBXSourcesBuildPhase;
			buildActionMask = 2147483647;
			files = (
				A1DB8DD92570A19300631D3F /* NSExeSelection.m in Sources */,
				A1DB8DDB2570A19300631D3F /* NSPathUtilities.m in Sources */,
				A1DB8DDA2570A19300631D3F /* NSPortDataLoader.m in Sources */,
				A12A7F01256D50D600857FF7 /* main.m in Sources */,
				A1DB8DD12570A18300631D3F /* NSWineskinEngine.m in Sources */,
				A1DB8DC92570A16600631D3F /* WineskinLauncherAppDelegate.m in Sources */,
				A1DB8DD22570A18300631D3F /* WineStart.m in Sources */,
				A1DB8DDE2570A1A500631D3F /* NSFileManager+Extension.m in Sources */,
				A1DB8DD02570A18300631D3F /* NSPortManager.m in Sources */,
			);
			runOnlyForDeploymentPostprocessing = 0;
		};
/* End PBXSourcesBuildPhase section */

/* Begin XCBuildConfiguration section */
		A12A7F02256D50D600857FF7 /* Debug */ = {
			isa = XCBuildConfiguration;
			buildSettings = {
				ALWAYS_SEARCH_USER_PATHS = NO;
				CLANG_ANALYZER_NONNULL = YES;
				CLANG_ANALYZER_NUMBER_OBJECT_CONVERSION = YES_AGGRESSIVE;
				CLANG_CXX_LANGUAGE_STANDARD = "gnu++14";
				CLANG_CXX_LIBRARY = "libc++";
				CLANG_ENABLE_MODULES = YES;
				CLANG_ENABLE_OBJC_ARC = YES;
				CLANG_ENABLE_OBJC_WEAK = YES;
				CLANG_WARN_BLOCK_CAPTURE_AUTORELEASING = YES;
				CLANG_WARN_BOOL_CONVERSION = YES;
				CLANG_WARN_COMMA = YES;
				CLANG_WARN_CONSTANT_CONVERSION = YES;
				CLANG_WARN_DEPRECATED_OBJC_IMPLEMENTATIONS = YES;
				CLANG_WARN_DIRECT_OBJC_ISA_USAGE = YES_ERROR;
				CLANG_WARN_DOCUMENTATION_COMMENTS = YES;
				CLANG_WARN_EMPTY_BODY = YES;
				CLANG_WARN_ENUM_CONVERSION = YES;
				CLANG_WARN_INFINITE_RECURSION = YES;
				CLANG_WARN_INT_CONVERSION = YES;
				CLANG_WARN_NON_LITERAL_NULL_CONVERSION = YES;
				CLANG_WARN_OBJC_IMPLICIT_RETAIN_SELF = YES;
				CLANG_WARN_OBJC_LITERAL_CONVERSION = YES;
				CLANG_WARN_OBJC_ROOT_CLASS = YES_ERROR;
				CLANG_WARN_RANGE_LOOP_ANALYSIS = YES;
				CLANG_WARN_STRICT_PROTOTYPES = YES;
				CLANG_WARN_SUSPICIOUS_MOVE = YES;
				CLANG_WARN_UNGUARDED_AVAILABILITY = YES_AGGRESSIVE;
				CLANG_WARN_UNREACHABLE_CODE = YES;
				CLANG_WARN__DUPLICATE_METHOD_MATCH = YES;
				COPY_PHASE_STRIP = NO;
				DEBUG_INFORMATION_FORMAT = dwarf;
				ENABLE_STRICT_OBJC_MSGSEND = YES;
				ENABLE_TESTABILITY = YES;
				GCC_C_LANGUAGE_STANDARD = gnu11;
				GCC_DYNAMIC_NO_PIC = NO;
				GCC_NO_COMMON_BLOCKS = YES;
				GCC_OPTIMIZATION_LEVEL = 0;
				GCC_PREPROCESSOR_DEFINITIONS = (
					"DEBUG=1",
					"$(inherited)",
				);
				GCC_WARN_64_TO_32_BIT_CONVERSION = YES;
				GCC_WARN_ABOUT_RETURN_TYPE = YES_ERROR;
				GCC_WARN_UNDECLARED_SELECTOR = YES;
				GCC_WARN_UNINITIALIZED_AUTOS = YES_AGGRESSIVE;
				GCC_WARN_UNUSED_FUNCTION = YES;
				GCC_WARN_UNUSED_VARIABLE = YES;
				MACOSX_DEPLOYMENT_TARGET = 10.15;
				MTL_ENABLE_DEBUG_INFO = INCLUDE_SOURCE;
				MTL_FAST_MATH = YES;
				ONLY_ACTIVE_ARCH = YES;
				SDKROOT = macosx;
			};
			name = Debug;
		};
		A12A7F03256D50D600857FF7 /* Release */ = {
			isa = XCBuildConfiguration;
			buildSettings = {
				ALWAYS_SEARCH_USER_PATHS = NO;
				CLANG_ANALYZER_NONNULL = YES;
				CLANG_ANALYZER_NUMBER_OBJECT_CONVERSION = YES_AGGRESSIVE;
				CLANG_CXX_LANGUAGE_STANDARD = "gnu++14";
				CLANG_CXX_LIBRARY = "libc++";
				CLANG_ENABLE_MODULES = YES;
				CLANG_ENABLE_OBJC_ARC = YES;
				CLANG_ENABLE_OBJC_WEAK = YES;
				CLANG_WARN_BLOCK_CAPTURE_AUTORELEASING = YES;
				CLANG_WARN_BOOL_CONVERSION = YES;
				CLANG_WARN_COMMA = YES;
				CLANG_WARN_CONSTANT_CONVERSION = YES;
				CLANG_WARN_DEPRECATED_OBJC_IMPLEMENTATIONS = YES;
				CLANG_WARN_DIRECT_OBJC_ISA_USAGE = YES_ERROR;
				CLANG_WARN_DOCUMENTATION_COMMENTS = YES;
				CLANG_WARN_EMPTY_BODY = YES;
				CLANG_WARN_ENUM_CONVERSION = YES;
				CLANG_WARN_INFINITE_RECURSION = YES;
				CLANG_WARN_INT_CONVERSION = YES;
				CLANG_WARN_NON_LITERAL_NULL_CONVERSION = YES;
				CLANG_WARN_OBJC_IMPLICIT_RETAIN_SELF = YES;
				CLANG_WARN_OBJC_LITERAL_CONVERSION = YES;
				CLANG_WARN_OBJC_ROOT_CLASS = YES_ERROR;
				CLANG_WARN_RANGE_LOOP_ANALYSIS = YES;
				CLANG_WARN_STRICT_PROTOTYPES = YES;
				CLANG_WARN_SUSPICIOUS_MOVE = YES;
				CLANG_WARN_UNGUARDED_AVAILABILITY = YES_AGGRESSIVE;
				CLANG_WARN_UNREACHABLE_CODE = YES;
				CLANG_WARN__DUPLICATE_METHOD_MATCH = YES;
				COPY_PHASE_STRIP = NO;
				DEBUG_INFORMATION_FORMAT = "dwarf-with-dsym";
				ENABLE_NS_ASSERTIONS = NO;
				ENABLE_STRICT_OBJC_MSGSEND = YES;
				GCC_C_LANGUAGE_STANDARD = gnu11;
				GCC_NO_COMMON_BLOCKS = YES;
				GCC_WARN_64_TO_32_BIT_CONVERSION = YES;
				GCC_WARN_ABOUT_RETURN_TYPE = YES_ERROR;
				GCC_WARN_UNDECLARED_SELECTOR = YES;
				GCC_WARN_UNINITIALIZED_AUTOS = YES_AGGRESSIVE;
				GCC_WARN_UNUSED_FUNCTION = YES;
				GCC_WARN_UNUSED_VARIABLE = YES;
				MACOSX_DEPLOYMENT_TARGET = 10.15;
				MTL_ENABLE_DEBUG_INFO = NO;
				MTL_FAST_MATH = YES;
				ONLY_ACTIVE_ARCH = YES;
				SDKROOT = macosx;
			};
			name = Release;
		};
		A12A7F05256D50D600857FF7 /* Debug */ = {
			isa = XCBuildConfiguration;
			buildSettings = {
				ARCHS = x86_64;
				CODE_SIGN_IDENTITY = "-";
				CODE_SIGN_INJECT_BASE_ENTITLEMENTS = YES;
				CODE_SIGN_STYLE = Automatic;
				LD_RUNPATH_SEARCH_PATHS = (
					"$(inherited)",
					"@executable_path/../Frameworks",
				);
				MACOSX_DEPLOYMENT_TARGET = 10.13;
				PRODUCT_NAME = "$(TARGET_NAME)";
			};
			name = Debug;
		};
		A12A7F06256D50D600857FF7 /* Release */ = {
			isa = XCBuildConfiguration;
			buildSettings = {
				ARCHS = x86_64;
				CODE_SIGN_IDENTITY = "-";
				CODE_SIGN_INJECT_BASE_ENTITLEMENTS = YES;
				CODE_SIGN_STYLE = Automatic;
				LD_RUNPATH_SEARCH_PATHS = (
					"$(inherited)",
					"@executable_path/../Frameworks",
				);
				MACOSX_DEPLOYMENT_TARGET = 10.13;
				PRODUCT_NAME = "$(TARGET_NAME)";
			};
			name = Release;
		};
/* End XCBuildConfiguration section */

/* Begin XCConfigurationList section */
		A12A7EF8256D50D600857FF7 /* Build configuration list for PBXProject "WineskinLauncher" */ = {
			isa = XCConfigurationList;
			buildConfigurations = (
				A12A7F02256D50D600857FF7 /* Debug */,
				A12A7F03256D50D600857FF7 /* Release */,
			);
			defaultConfigurationIsVisible = 0;
			defaultConfigurationName = Release;
		};
		A12A7F04256D50D600857FF7 /* Build configuration list for PBXNativeTarget "wineskinlauncher" */ = {
			isa = XCConfigurationList;
			buildConfigurations = (
				A12A7F05256D50D600857FF7 /* Debug */,
				A12A7F06256D50D600857FF7 /* Release */,
			);
			defaultConfigurationIsVisible = 0;
			defaultConfigurationName = Release;
		};
/* End XCConfigurationList section */
	};
	rootObject = A12A7EF5256D50D600857FF7 /* Project object */;
}
